
Microsoft Visual Studio Solution File, Format Version 12.00
Project("{FAE04EC0-301F-11D3-BF4B-00C04F79EFBC}") = "TrainingAssignment1", "TrainingAssignment1\TrainingAssignment1.csproj", "{50256373-CA0B-4C63-9362-1E255BA49C96}"
EndProject
Global
	GlobalSection(SolutionConfigurationPlatforms) = preSolution
		Debug|Any CPU = Debug|Any CPU
		Release|Any CPU = Release|Any CPU
	EndGlobalSection
	GlobalSection(ProjectConfigurationPlatforms) = postSolution
		{50256373-CA0B-4C63-9362-1E255BA49C96}.Debug|Any CPU.ActiveCfg = Debug|Any CPU
		{50256373-CA0B-4C63-9362-1E255BA49C96}.Debug|Any CPU.Build.0 = Debug|Any CPU
		{50256373-CA0B-4C63-9362-1E255BA49C96}.Release|Any CPU.ActiveCfg = Release|Any CPU
		{50256373-CA0B-4C63-9362-1E255BA49C96}.Release|Any CPU.Build.0 = Release|Any CPU
	EndGlobalSection
EndGlobal
